
Microsoft Visual Studio Solution File, Format Version 12.00
# Visual Studio Version 17
VisualStudioVersion = 17.7.34031.279
MinimumVisualStudioVersion = 10.0.40219.1
Project("{FAE04EC0-301F-11D3-BF4B-00C04F79EFBC}") = "FashionSales", "FashionSales\FashionSales.csproj", "{C25F7439-BA7E-4576-B69F-20F3325DF189}"
EndProject
Global
	GlobalSection(SolutionConfigurationPlatforms) = preSolution
		Debug|Any CPU = Debug|Any CPU
		Release|Any CPU = Release|Any CPU
	EndGlobalSection
	GlobalSection(ProjectConfigurationPlatforms) = postSolution
		{C25F7439-BA7E-4576-B69F-20F3325DF189}.Debug|Any CPU.ActiveCfg = Debug|Any CPU
		{C25F7439-BA7E-4576-B69F-20F3325DF189}.Debug|Any CPU.Build.0 = Debug|Any CPU
		{C25F7439-BA7E-4576-B69F-20F3325DF189}.Release|Any CPU.ActiveCfg = Release|Any CPU
		{C25F7439-BA7E-4576-B69F-20F3325DF189}.Release|Any CPU.Build.0 = Release|Any CPU
	EndGlobalSection
	GlobalSection(SolutionProperties) = preSolution
		HideSolutionNode = FALSE
	EndGlobalSection
	GlobalSection(ExtensibilityGlobals) = postSolution
		SolutionGuid = {F0577BEF-FCC5-440B-97B0-A8E8E50D204C}
	EndGlobalSection
EndGlobal
